
Microsoft Visual Studio Solution File, Format Version 12.00
# Visual Studio Version 16
VisualStudioVersion = 16.0.29709.97
MinimumVisualStudioVersion = 10.0.40219.1
Project("{FAE04EC0-301F-11D3-BF4B-00C04F79EFBC}") = "touchableWall", "touchableWall\touchableWall.csproj", "{D508EC4A-9E98-47E5-A9BE-1C25893019CC}"
EndProject
Global
	GlobalSection(SolutionConfigurationPlatforms) = preSolution
		Debug|Any CPU = Debug|Any CPU
		Release|Any CPU = Release|Any CPU
	EndGlobalSection
	GlobalSection(ProjectConfigurationPlatforms) = postSolution
		{D508EC4A-9E98-47E5-A9BE-1C25893019CC}.Debug|Any CPU.ActiveCfg = Debug|Any CPU
		{D508EC4A-9E98-47E5-A9BE-1C25893019CC}.Debug|Any CPU.Build.0 = Debug|Any CPU
		{D508EC4A-9E98-47E5-A9BE-1C25893019CC}.Release|Any CPU.ActiveCfg = Release|Any CPU
		{D508EC4A-9E98-47E5-A9BE-1C25893019CC}.Release|Any CPU.Build.0 = Release|Any CPU
	EndGlobalSection
	GlobalSection(SolutionProperties) = preSolution
		HideSolutionNode = FALSE
	EndGlobalSection
	GlobalSection(ExtensibilityGlobals) = postSolution
		SolutionGuid = {25CA66E9-D466-439C-868E-976E0721AA4F}
	EndGlobalSection
EndGlobal
